
Microsoft Visual Studio Solution File, Format Version 12.00
# Visual Studio Version 17
VisualStudioVersion = 17.6.33829.357
MinimumVisualStudioVersion = 10.0.40219.1
Project("{9A19103F-16F7-4668-BE54-9A1E7A4F7556}") = "LibraryUpgraded", "LibraryUpgraded\LibraryUpgraded.csproj", "{E8B893E4-EC91-45C2-B033-5BC7157BB331}"
EndProject
Project("{FAE04EC0-301F-11D3-BF4B-00C04F79EFBC}") = "LibraryTests", "LibraryTests\LibraryTests.csproj", "{449AD629-A992-4B5E-BFAD-6294F83190C1}"
EndProject
Global
	GlobalSection(SolutionConfigurationPlatforms) = preSolution
		Debug|Any CPU = Debug|Any CPU
		Release|Any CPU = Release|Any CPU
	EndGlobalSection
	GlobalSection(ProjectConfigurationPlatforms) = postSolution
		{E8B893E4-EC91-45C2-B033-5BC7157BB331}.Debug|Any CPU.ActiveCfg = Debug|Any CPU
		{E8B893E4-EC91-45C2-B033-5BC7157BB331}.Debug|Any CPU.Build.0 = Debug|Any CPU
		{E8B893E4-EC91-45C2-B033-5BC7157BB331}.Release|Any CPU.ActiveCfg = Release|Any CPU
		{E8B893E4-EC91-45C2-B033-5BC7157BB331}.Release|Any CPU.Build.0 = Release|Any CPU
		{449AD629-A992-4B5E-BFAD-6294F83190C1}.Debug|Any CPU.ActiveCfg = Debug|Any CPU
		{449AD629-A992-4B5E-BFAD-6294F83190C1}.Debug|Any CPU.Build.0 = Debug|Any CPU
		{449AD629-A992-4B5E-BFAD-6294F83190C1}.Release|Any CPU.ActiveCfg = Release|Any CPU
		{449AD629-A992-4B5E-BFAD-6294F83190C1}.Release|Any CPU.Build.0 = Release|Any CPU
	EndGlobalSection
	GlobalSection(SolutionProperties) = preSolution
		HideSolutionNode = FALSE
	EndGlobalSection
	GlobalSection(ExtensibilityGlobals) = postSolution
		SolutionGuid = {7D0CE529-F636-4E85-8C15-037C87B2BE5C}
	EndGlobalSection
EndGlobal
